
Microsoft Visual Studio Solution File, Format Version 12.00
# Visual Studio Version 16
VisualStudioVersion = 16.0.29215.179
MinimumVisualStudioVersion = 10.0.40219.1
Project("{FAE04EC0-301F-11D3-BF4B-00C04F79EFBC}") = "test1", "test1\test1.csproj", "{20529A65-B490-4273-8451-BE5A83D110AB}"
EndProject
Global
	GlobalSection(SolutionConfigurationPlatforms) = preSolution
		Debug|Any CPU = Debug|Any CPU
		Release|Any CPU = Release|Any CPU
	EndGlobalSection
	GlobalSection(ProjectConfigurationPlatforms) = postSolution
		{20529A65-B490-4273-8451-BE5A83D110AB}.Debug|Any CPU.ActiveCfg = Debug|Any CPU
		{20529A65-B490-4273-8451-BE5A83D110AB}.Debug|Any CPU.Build.0 = Debug|Any CPU
		{20529A65-B490-4273-8451-BE5A83D110AB}.Release|Any CPU.ActiveCfg = Release|Any CPU
		{20529A65-B490-4273-8451-BE5A83D110AB}.Release|Any CPU.Build.0 = Release|Any CPU
	EndGlobalSection
	GlobalSection(SolutionProperties) = preSolution
		HideSolutionNode = FALSE
	EndGlobalSection
	GlobalSection(ExtensibilityGlobals) = postSolution
		SolutionGuid = {FABF0856-67CF-48E4-B8EC-2DFF21FC5DE5}
	EndGlobalSection
EndGlobal
